{
  "object": {
    "pins": [
      {
        "package": "Contentful",
        "repositoryURL": "https://github.com/contentful/contentful.swift",
        "state": {
          "branch": null,
          "revision": "808d7fcda1365217efcf884678aa97c21a89f37c",
          "version": "1.0.0-beta2"
        }
      },
      {
        "package": "Interstellar",
        "repositoryURL": "https://github.com/jensravens/Interstellar",
        "state": {
          "branch": null,
          "revision": "5fb8f1f2b7d869380555cca5f44a8cfdca390633",
          "version": "2.1.0"
        }
      }
    ]
  },
  "version": 1
}
