{
  "object": {
    "pins": [
      {
        "package": "Contentful",
        "repositoryURL": "https://github.com/contentful/contentful.swift",
        "state": {
          "branch": null,
          "revision": "9b65d0b86b3b53194dcde7c5e3cc95b40a71a8c2",
          "version": "5.3.1"
        }
      }
    ]
  },
  "version": 1
}
