PODS:
  - Contentful (1.0.0):
    - Interstellar (~> 2.0.0)
    - ObjectMapper (~> 2.2)
  - Interstellar (2.0.0):
    - Interstellar/Core (= 2.0.0)
    - Interstellar/Warpdrive (= 2.0.0)
  - Interstellar/Core (2.0.0)
  - Interstellar/Warpdrive (2.0.0):
    - Interstellar/Core
  - Nimble (5.1.1)
  - ObjectMapper (2.2.5)
  - Quick (1.0.0)

DEPENDENCIES:
  - Contentful (from `~/Contentful/swift/SDK/contentful.swift`)
  - Nimble (~> 5.1.0)
  - Quick (~> 1.0.0)

EXTERNAL SOURCES:
  Contentful:
    :path: "~/Contentful/swift/SDK/contentful.swift"

SPEC CHECKSUMS:
  Contentful: c3886e45803f8ad3ddbface18dda75fcc414c3c9
  Interstellar: 63a760ff3a3657f791a4523de4b89727c51edec3
  Nimble: 415e3aa3267e7bc2c96b05fa814ddea7bb686a29
  ObjectMapper: fb30f71e08470d1e5a20b199fafe1246281db898
  Quick: 8024e4a47e6cc03a9d5245ef0948264fc6d27cff

PODFILE CHECKSUM: 3a90455def431352856366054dabe55bb8fdac74

COCOAPODS: 1.2.0
